
Microsoft Visual Studio Solution File, Format Version 12.00
# Visual Studio Version 16
VisualStudioVersion = 16.0.32228.343
MinimumVisualStudioVersion = 10.0.40219.1
Project("{FAE04EC0-301F-11D3-BF4B-00C04F79EFBC}") = "Dobri Tasklist Manager", "Dobri Tasklist Manager\Dobri Tasklist Manager.csproj", "{36073F17-F713-46A9-9EE7-C3498093EC6E}"
EndProject
Global
	GlobalSection(SolutionConfigurationPlatforms) = preSolution
		Debug|Any CPU = Debug|Any CPU
		Release|Any CPU = Release|Any CPU
	EndGlobalSection
	GlobalSection(ProjectConfigurationPlatforms) = postSolution
		{36073F17-F713-46A9-9EE7-C3498093EC6E}.Debug|Any CPU.ActiveCfg = Debug|Any CPU
		{36073F17-F713-46A9-9EE7-C3498093EC6E}.Debug|Any CPU.Build.0 = Debug|Any CPU
		{36073F17-F713-46A9-9EE7-C3498093EC6E}.Release|Any CPU.ActiveCfg = Release|Any CPU
		{36073F17-F713-46A9-9EE7-C3498093EC6E}.Release|Any CPU.Build.0 = Release|Any CPU
	EndGlobalSection
	GlobalSection(SolutionProperties) = preSolution
		HideSolutionNode = FALSE
	EndGlobalSection
	GlobalSection(ExtensibilityGlobals) = postSolution
		SolutionGuid = {5B13D40B-3A5B-41B7-A46B-B48872CDAD91}
	EndGlobalSection
EndGlobal
